
Microsoft Visual Studio Solution File, Format Version 12.00
# Visual Studio Version 17
VisualStudioVersion = 17.6.33815.320
MinimumVisualStudioVersion = 10.0.40219.1
Project("{9A19103F-16F7-4668-BE54-9A1E7A4F7556}") = "Lab02-UnitTesting", "Lab02-UnitTesting.csproj", "{993A9A90-2BA8-46C5-A8F8-8323CE1595D9}"
EndProject
Global
	GlobalSection(SolutionConfigurationPlatforms) = preSolution
		Debug|Any CPU = Debug|Any CPU
		Release|Any CPU = Release|Any CPU
	EndGlobalSection
	GlobalSection(ProjectConfigurationPlatforms) = postSolution
		{993A9A90-2BA8-46C5-A8F8-8323CE1595D9}.Debug|Any CPU.ActiveCfg = Debug|Any CPU
		{993A9A90-2BA8-46C5-A8F8-8323CE1595D9}.Debug|Any CPU.Build.0 = Debug|Any CPU
		{993A9A90-2BA8-46C5-A8F8-8323CE1595D9}.Release|Any CPU.ActiveCfg = Release|Any CPU
		{993A9A90-2BA8-46C5-A8F8-8323CE1595D9}.Release|Any CPU.Build.0 = Release|Any CPU
	EndGlobalSection
	GlobalSection(SolutionProperties) = preSolution
		HideSolutionNode = FALSE
	EndGlobalSection
	GlobalSection(ExtensibilityGlobals) = postSolution
		SolutionGuid = {FB9C2412-6C40-4EB5-A6D9-9162E36E88E4}
	EndGlobalSection
EndGlobal
